Microsoft Visual Studio Solution File, Format Version 12.00
# Visual Studio Version 17
VisualStudioVersion = 17.5.2.0
MinimumVisualStudioVersion = 10.0.40219.1
Project("{FAE04EC0-301F-11D3-BF4B-00C04F79EFBC}") = "Libria", "Libria.csproj", "{4FB2A8CF-0601-02C0-57EA-520C7E026102}"
EndProject
Global
	GlobalSection(SolutionConfigurationPlatforms) = preSolution
		Debug|Any CPU = Debug|Any CPU
		Release|Any CPU = Release|Any CPU
	EndGlobalSection
	GlobalSection(ProjectConfigurationPlatforms) = postSolution
		{4FB2A8CF-0601-02C0-57EA-520C7E026102}.Debug|Any CPU.ActiveCfg = Debug|Any CPU
		{4FB2A8CF-0601-02C0-57EA-520C7E026102}.Debug|Any CPU.Build.0 = Debug|Any CPU
		{4FB2A8CF-0601-02C0-57EA-520C7E026102}.Release|Any CPU.ActiveCfg = Release|Any CPU
		{4FB2A8CF-0601-02C0-57EA-520C7E026102}.Release|Any CPU.Build.0 = Release|Any CPU
	EndGlobalSection
	GlobalSection(SolutionProperties) = preSolution
		HideSolutionNode = FALSE
	EndGlobalSection
	GlobalSection(ExtensibilityGlobals) = postSolution
		SolutionGuid = {31ABDB3B-171A-43DE-B480-1D2F9DBDF6CF}
	EndGlobalSection
EndGlobal
